
Microsoft Visual Studio Solution File, Format Version 12.00
# Visual Studio Version 16
VisualStudioVersion = 16.0.29509.3
MinimumVisualStudioVersion = 10.0.40219.1
Project("{888888A0-9F3D-457C-B088-3A5042F75D52}") = "Tic Tac Toe", "Tic Tac Toe\Tic Tac Toe.pyproj", "{0B963153-420E-4578-819A-053035E8EDAA}"
EndProject
Global
	GlobalSection(SolutionConfigurationPlatforms) = preSolution
		Debug|Any CPU = Debug|Any CPU
		Release|Any CPU = Release|Any CPU
	EndGlobalSection
	GlobalSection(ProjectConfigurationPlatforms) = postSolution
		{0B963153-420E-4578-819A-053035E8EDAA}.Debug|Any CPU.ActiveCfg = Debug|Any CPU
		{0B963153-420E-4578-819A-053035E8EDAA}.Release|Any CPU.ActiveCfg = Release|Any CPU
	EndGlobalSection
	GlobalSection(SolutionProperties) = preSolution
		HideSolutionNode = FALSE
	EndGlobalSection
	GlobalSection(ExtensibilityGlobals) = postSolution
		SolutionGuid = {FA5EC702-01B8-4E94-8412-B29616738464}
	EndGlobalSection
EndGlobal
